
Microsoft Visual Studio Solution File, Format Version 12.00
# Visual Studio Version 16
VisualStudioVersion = 16.0.31702.278
MinimumVisualStudioVersion = 10.0.40219.1
Project("{FAE04EC0-301F-11D3-BF4B-00C04F79EFBC}") = "OopTextTransformations.Library", "OopTextTransformations.Library\OopTextTransformations.Library.csproj", "{6E49E8A4-E0D8-41CF-AD16-4985A6DD2B55}"
EndProject
Project("{FAE04EC0-301F-11D3-BF4B-00C04F79EFBC}") = "OopTextTransformations.Terminal", "OopTextTransformations.Terminal\OopTextTransformations.Terminal.csproj", "{821AF1D0-877F-4814-AD17-55A8B0EECE0C}"
EndProject
Global
	GlobalSection(SolutionConfigurationPlatforms) = preSolution
		Debug|Any CPU = Debug|Any CPU
		Release|Any CPU = Release|Any CPU
	EndGlobalSection
	GlobalSection(ProjectConfigurationPlatforms) = postSolution
		{6E49E8A4-E0D8-41CF-AD16-4985A6DD2B55}.Debug|Any CPU.ActiveCfg = Debug|Any CPU
		{6E49E8A4-E0D8-41CF-AD16-4985A6DD2B55}.Debug|Any CPU.Build.0 = Debug|Any CPU
		{6E49E8A4-E0D8-41CF-AD16-4985A6DD2B55}.Release|Any CPU.ActiveCfg = Release|Any CPU
		{6E49E8A4-E0D8-41CF-AD16-4985A6DD2B55}.Release|Any CPU.Build.0 = Release|Any CPU
		{821AF1D0-877F-4814-AD17-55A8B0EECE0C}.Debug|Any CPU.ActiveCfg = Debug|Any CPU
		{821AF1D0-877F-4814-AD17-55A8B0EECE0C}.Debug|Any CPU.Build.0 = Debug|Any CPU
		{821AF1D0-877F-4814-AD17-55A8B0EECE0C}.Release|Any CPU.ActiveCfg = Release|Any CPU
		{821AF1D0-877F-4814-AD17-55A8B0EECE0C}.Release|Any CPU.Build.0 = Release|Any CPU
	EndGlobalSection
	GlobalSection(SolutionProperties) = preSolution
		HideSolutionNode = FALSE
	EndGlobalSection
	GlobalSection(ExtensibilityGlobals) = postSolution
		SolutionGuid = {39F8D78A-9B86-405F-8A4A-BC300C55D680}
	EndGlobalSection
EndGlobal
