
Microsoft Visual Studio Solution File, Format Version 12.00
# Visual Studio Version 16
VisualStudioVersion = 16.0.31702.278
MinimumVisualStudioVersion = 10.0.40219.1
Project("{FAE04EC0-301F-11D3-BF4B-00C04F79EFBC}") = "OopLoggingSystem.Library", "OopLoggingSystem.Library\OopLoggingSystem.Library.csproj", "{B179F948-36D0-48FF-B95C-BC80F15D91E0}"
EndProject
Project("{FAE04EC0-301F-11D3-BF4B-00C04F79EFBC}") = "OopLoggingSystem.Terminal", "OopLoggingSystem.Terminal\OopLoggingSystem.Terminal.csproj", "{6824803A-2348-452A-BCD9-9BD445640BC8}"
EndProject
Global
	GlobalSection(SolutionConfigurationPlatforms) = preSolution
		Debug|Any CPU = Debug|Any CPU
		Release|Any CPU = Release|Any CPU
	EndGlobalSection
	GlobalSection(ProjectConfigurationPlatforms) = postSolution
		{B179F948-36D0-48FF-B95C-BC80F15D91E0}.Debug|Any CPU.ActiveCfg = Debug|Any CPU
		{B179F948-36D0-48FF-B95C-BC80F15D91E0}.Debug|Any CPU.Build.0 = Debug|Any CPU
		{B179F948-36D0-48FF-B95C-BC80F15D91E0}.Release|Any CPU.ActiveCfg = Release|Any CPU
		{B179F948-36D0-48FF-B95C-BC80F15D91E0}.Release|Any CPU.Build.0 = Release|Any CPU
		{6824803A-2348-452A-BCD9-9BD445640BC8}.Debug|Any CPU.ActiveCfg = Debug|Any CPU
		{6824803A-2348-452A-BCD9-9BD445640BC8}.Debug|Any CPU.Build.0 = Debug|Any CPU
		{6824803A-2348-452A-BCD9-9BD445640BC8}.Release|Any CPU.ActiveCfg = Release|Any CPU
		{6824803A-2348-452A-BCD9-9BD445640BC8}.Release|Any CPU.Build.0 = Release|Any CPU
	EndGlobalSection
	GlobalSection(SolutionProperties) = preSolution
		HideSolutionNode = FALSE
	EndGlobalSection
	GlobalSection(ExtensibilityGlobals) = postSolution
		SolutionGuid = {391E8855-808F-41EB-848E-30D7BF377707}
	EndGlobalSection
EndGlobal
