
Microsoft Visual Studio Solution File, Format Version 12.00
# Visual Studio Version 16
VisualStudioVersion = 16.0.32106.194
MinimumVisualStudioVersion = 10.0.40219.1
Project("{FAE04EC0-301F-11D3-BF4B-00C04F79EFBC}") = "RecursiveSum", "RecursiveSum\RecursiveSum.csproj", "{13E8CF2C-0146-4757-9EED-EF8634CCFBFA}"
EndProject
Global
	GlobalSection(SolutionConfigurationPlatforms) = preSolution
		Debug|Any CPU = Debug|Any CPU
		Release|Any CPU = Release|Any CPU
	EndGlobalSection
	GlobalSection(ProjectConfigurationPlatforms) = postSolution
		{13E8CF2C-0146-4757-9EED-EF8634CCFBFA}.Debug|Any CPU.ActiveCfg = Debug|Any CPU
		{13E8CF2C-0146-4757-9EED-EF8634CCFBFA}.Debug|Any CPU.Build.0 = Debug|Any CPU
		{13E8CF2C-0146-4757-9EED-EF8634CCFBFA}.Release|Any CPU.ActiveCfg = Release|Any CPU
		{13E8CF2C-0146-4757-9EED-EF8634CCFBFA}.Release|Any CPU.Build.0 = Release|Any CPU
	EndGlobalSection
	GlobalSection(SolutionProperties) = preSolution
		HideSolutionNode = FALSE
	EndGlobalSection
	GlobalSection(ExtensibilityGlobals) = postSolution
		SolutionGuid = {F218A842-40B9-42BF-B548-D21A94312B65}
	EndGlobalSection
EndGlobal
